{
  "checksum": "905a6364dbc314f25c48714346aabdd624bb289bf91fd2a1a56d13499e1ddbce",
  "conditions": {
    "aarch64-apple-darwin": [
      "aarch64-apple-darwin"
    ],
    "aarch64-unknown-linux-gnu": [
      "aarch64-unknown-linux-gnu"
    ],
    "cfg(all(any(target_os = \"linux\", target_os = \"android\"), not(any(all(target_os = \"linux\", target_env = \"\"), getrandom_backend = \"custom\", getrandom_backend = \"linux_raw\", getrandom_backend = \"rdrand\", getrandom_backend = \"rndr\"))))": [
      "aarch64-unknown-linux-gnu",
      "x86_64-unknown-linux-gnu",
      "x86_64-unknown-nixos-gnu"
    ],
    "cfg(all(target_os = \"uefi\", getrandom_backend = \"efi_rng\"))": [],
    "cfg(any(target_os = \"dragonfly\", target_os = \"freebsd\", target_os = \"hurd\", target_os = \"illumos\", target_os = \"cygwin\", all(target_os = \"horizon\", target_arch = \"arm\")))": [],
    "cfg(any(target_os = \"haiku\", target_os = \"redox\", target_os = \"nto\", target_os = \"aix\"))": [],
    "cfg(any(target_os = \"ios\", target_os = \"visionos\", target_os = \"watchos\", target_os = \"tvos\"))": [],
    "cfg(any(target_os = \"macos\", target_os = \"openbsd\", target_os = \"vita\", target_os = \"emscripten\"))": [
      "aarch64-apple-darwin"
    ],
    "cfg(target_os = \"netbsd\")": [],
    "cfg(target_os = \"solaris\")": [],
    "cfg(target_os = \"vxworks\")": [],
    "wasm32-unknown-unknown": [
      "wasm32-unknown-unknown"
    ],
    "wasm32-wasip1": [
      "wasm32-wasip1"
    ],
    "x86_64-pc-windows-msvc": [
      "x86_64-pc-windows-msvc"
    ],
    "x86_64-unknown-linux-gnu": [
      "x86_64-unknown-linux-gnu",
      "x86_64-unknown-nixos-gnu"
    ],
    "x86_64-unknown-nixos-gnu": [
      "x86_64-unknown-nixos-gnu"
    ]
  },
  "crates": {
    "basable-core 0.1.0": {
      "common_attrs": {
        "edition": "2024"
      },
      "library_target_name": "basable_core",
      "license": "MIT",
      "license_ids": [
        "MIT"
      ],
      "name": "basable-core",
      "package_url": "https://github.com/basable/basable-rust-libs",
      "repository": null,
      "targets": [
        {
          "Library": {
            "crate_name": "basable_core",
            "crate_root": "src/lib.rs"
          }
        }
      ],
      "version": "0.1.0"
    },
    "basable-publicid 0.1.0": {
      "common_attrs": {
        "deps": [
          {
            "id": "uuid 1.26.1",
            "target": "uuid"
          }
        ],
        "edition": "2024"
      },
      "library_target_name": "basable_publicid",
      "license": "MIT",
      "license_ids": [
        "MIT"
      ],
      "name": "basable-publicid",
      "package_url": "https://github.com/basable/basable-rust-libs",
      "repository": null,
      "targets": [
        {
          "Library": {
            "crate_name": "basable_publicid",
            "crate_root": "src/lib.rs"
          }
        }
      ],
      "version": "0.1.0"
    },
    "bumpalo 3.20.3": {
      "common_attrs": {
        "crate_features": [
          "default"
        ],
        "edition": "2021"
      },
      "library_target_name": "bumpalo",
      "license": "MIT OR Apache-2.0",
      "license_file": "LICENSE-APACHE",
      "license_ids": [
        "Apache-2.0",
        "MIT"
      ],
      "name": "bumpalo",
      "package_url": "https://github.com/fitzgen/bumpalo",
      "repository": {
        "Http": {
          "sha256": "72f5acc6cb2ba439de613abc23857ec3d78374d8ed5ac84e9d11336e87da8649",
          "url": "https://static.crates.io/crates/bumpalo/3.20.3/download"
        }
      },
      "targets": [
        {
          "Library": {
            "crate_name": "bumpalo",
            "crate_root": "src/lib.rs"
          }
        }
      ],
      "version": "3.20.3"
    },
    "cfg-if 1.0.5": {
      "common_attrs": {
        "edition": "2018"
      },
      "library_target_name": "cfg_if",
      "license": "MIT OR Apache-2.0",
      "license_file": "LICENSE-APACHE",
      "license_ids": [
        "Apache-2.0",
        "MIT"
      ],
      "name": "cfg-if",
      "package_url": "https://github.com/rust-lang/cfg-if",
      "repository": {
        "Http": {
          "sha256": "4e7648175b45a9a48536d676f68d918270699102aa8dab5496df06904c914600",
          "url": "https://static.crates.io/crates/cfg-if/1.0.5/download"
        }
      },
      "targets": [
        {
          "Library": {
            "crate_name": "cfg_if",
            "crate_root": "src/lib.rs"
          }
        }
      ],
      "version": "1.0.5"
    },
    "futures-core 0.3.34": {
      "common_attrs": {
        "edition": "2018"
      },
      "library_target_name": "futures_core",
      "license": "MIT OR Apache-2.0",
      "license_file": "LICENSE-APACHE",
      "license_ids": [
        "Apache-2.0",
        "MIT"
      ],
      "name": "futures-core",
      "package_url": "https://github.com/rust-lang/futures-rs",
      "repository": {
        "Http": {
          "sha256": "92d699e522242e69e3003b94ecc1f960f3a5e015aa7c5d7486e65ad01dd94f5e",
          "url": "https://static.crates.io/crates/futures-core/0.3.34/download"
        }
      },
      "targets": [
        {
          "Library": {
            "crate_name": "futures_core",
            "crate_root": "src/lib.rs"
          }
        }
      ],
      "version": "0.3.34"
    },
    "futures-task 0.3.34": {
      "common_attrs": {
        "edition": "2018"
      },
      "library_target_name": "futures_task",
      "license": "MIT OR Apache-2.0",
      "license_file": "LICENSE-APACHE",
      "license_ids": [
        "Apache-2.0",
        "MIT"
      ],
      "name": "futures-task",
      "package_url": "https://github.com/rust-lang/futures-rs",
      "repository": {
        "Http": {
          "sha256": "cd417de3d1d015fc3bfd2b1ea46dfc7bab72ef86f1cc7cc9c78e728b34a6d1fd",
          "url": "https://static.crates.io/crates/futures-task/0.3.34/download"
        }
      },
      "targets": [
        {
          "Library": {
            "crate_name": "futures_task",
            "crate_root": "src/lib.rs"
          }
        }
      ],
      "version": "0.3.34"
    },
    "futures-util 0.3.34": {
      "common_attrs": {
        "deps": [
          {
            "id": "futures-core 0.3.34",
            "target": "futures_core"
          },
          {
            "id": "futures-task 0.3.34",
            "target": "futures_task"
          },
          {
            "id": "pin-project-lite 0.2.17",
            "target": "pin_project_lite"
          }
        ],
        "edition": "2018"
      },
      "library_target_name": "futures_util",
      "license": "MIT OR Apache-2.0",
      "license_file": "LICENSE-APACHE",
      "license_ids": [
        "Apache-2.0",
        "MIT"
      ],
      "name": "futures-util",
      "package_url": "https://github.com/rust-lang/futures-rs",
      "repository": {
        "Http": {
          "sha256": "0d50a92467f8ba5dd6e3ee5d4bd04d73ab2e4e1c44474a0674821dfce14b79bc",
          "url": "https://static.crates.io/crates/futures-util/0.3.34/download"
        }
      },
      "targets": [
        {
          "Library": {
            "crate_name": "futures_util",
            "crate_root": "src/lib.rs"
          }
        }
      ],
      "version": "0.3.34"
    },
    "getrandom 0.4.3": {
      "build_script_attrs": {},
      "common_attrs": {
        "deps": {
          "common": [
            {
              "id": "cfg-if 1.0.5",
              "target": "cfg_if"
            }
          ],
          "selects": {
            "cfg(all(any(target_os = \"linux\", target_os = \"android\"), not(any(all(target_os = \"linux\", target_env = \"\"), getrandom_backend = \"custom\", getrandom_backend = \"linux_raw\", getrandom_backend = \"rdrand\", getrandom_backend = \"rndr\"))))": [
              {
                "id": "libc 0.2.189",
                "target": "libc"
              }
            ],
            "cfg(all(target_os = \"uefi\", getrandom_backend = \"efi_rng\"))": [
              {
                "id": "r-efi 6.0.0",
                "target": "r_efi"
              }
            ],
            "cfg(any(target_os = \"dragonfly\", target_os = \"freebsd\", target_os = \"hurd\", target_os = \"illumos\", target_os = \"cygwin\", all(target_os = \"horizon\", target_arch = \"arm\")))": [
              {
                "id": "libc 0.2.189",
                "target": "libc"
              }
            ],
            "cfg(any(target_os = \"haiku\", target_os = \"redox\", target_os = \"nto\", target_os = \"aix\"))": [
              {
                "id": "libc 0.2.189",
                "target": "libc"
              }
            ],
            "cfg(any(target_os = \"ios\", target_os = \"visionos\", target_os = \"watchos\", target_os = \"tvos\"))": [
              {
                "id": "libc 0.2.189",
                "target": "libc"
              }
            ],
            "cfg(any(target_os = \"macos\", target_os = \"openbsd\", target_os = \"vita\", target_os = \"emscripten\"))": [
              {
                "id": "libc 0.2.189",
                "target": "libc"
              }
            ],
            "cfg(target_os = \"netbsd\")": [
              {
                "id": "libc 0.2.189",
                "target": "libc"
              }
            ],
            "cfg(target_os = \"solaris\")": [
              {
                "id": "libc 0.2.189",
                "target": "libc"
              }
            ],
            "cfg(target_os = \"vxworks\")": [
              {
                "id": "libc 0.2.189",
                "target": "libc"
              }
            ]
          }
        },
        "edition": "2024",
        "extra_deps": [
          ":build_script_build"
        ]
      },
      "library_target_name": "getrandom",
      "license": "MIT OR Apache-2.0",
      "license_file": "LICENSE-APACHE",
      "license_ids": [
        "Apache-2.0",
        "MIT"
      ],
      "name": "getrandom",
      "package_url": "https://github.com/rust-random/getrandom",
      "repository": {
        "Http": {
          "sha256": "300e883d756b2e4ec94e02791f39b04b522276138852cfc41d9fb7e904106099",
          "url": "https://static.crates.io/crates/getrandom/0.4.3/download"
        }
      },
      "targets": [
        {
          "Library": {
            "crate_name": "getrandom",
            "crate_root": "src/lib.rs"
          }
        },
        {
          "BuildScript": {
            "crate_name": "build_script_build",
            "crate_root": "build.rs"
          }
        }
      ],
      "version": "0.4.3"
    },
    "js-sys 0.3.105": {
      "common_attrs": {
        "deps": [
          {
            "id": "cfg-if 1.0.5",
            "target": "cfg_if"
          },
          {
            "id": "wasm-bindgen 0.2.128",
            "target": "wasm_bindgen"
          }
        ],
        "edition": "2021"
      },
      "library_target_name": "js_sys",
      "license": "MIT OR Apache-2.0",
      "license_file": "LICENSE-APACHE",
      "license_ids": [
        "Apache-2.0",
        "MIT"
      ],
      "name": "js-sys",
      "package_url": "https://github.com/wasm-bindgen/wasm-bindgen/tree/master/crates/js-sys",
      "repository": {
        "Http": {
          "sha256": "ce57d20d1ea864ce2ac172ab472d409214f4fd359f0b2a2775abdf522e2af99e",
          "url": "https://static.crates.io/crates/js-sys/0.3.105/download"
        }
      },
      "targets": [
        {
          "Library": {
            "crate_name": "js_sys",
            "crate_root": "src/lib.rs"
          }
        }
      ],
      "version": "0.3.105"
    },
    "libc 0.2.189": {
      "build_script_attrs": {},
      "common_attrs": {
        "edition": "2021",
        "extra_deps": [
          ":build_script_build"
        ]
      },
      "library_target_name": "libc",
      "license": "MIT OR Apache-2.0",
      "license_file": "LICENSE-APACHE",
      "license_ids": [
        "Apache-2.0",
        "MIT"
      ],
      "name": "libc",
      "package_url": "https://github.com/rust-lang/libc",
      "repository": {
        "Http": {
          "sha256": "3eaf3ede3fee6db1a4c2ee091bf8a8b4dccdc6d17f656fb07896ee72867612f2",
          "url": "https://static.crates.io/crates/libc/0.2.189/download"
        }
      },
      "targets": [
        {
          "Library": {
            "crate_name": "libc",
            "crate_root": "src/lib.rs"
          }
        },
        {
          "BuildScript": {
            "crate_name": "build_script_build",
            "crate_root": "build.rs"
          }
        }
      ],
      "version": "0.2.189"
    },
    "once_cell 1.21.4": {
      "common_attrs": {
        "edition": "2021"
      },
      "library_target_name": "once_cell",
      "license": "MIT OR Apache-2.0",
      "license_file": "LICENSE-APACHE",
      "license_ids": [
        "Apache-2.0",
        "MIT"
      ],
      "name": "once_cell",
      "package_url": "https://github.com/matklad/once_cell",
      "repository": {
        "Http": {
          "sha256": "9f7c3e4beb33f85d45ae3e3a1792185706c8e16d043238c593331cc7cd313b50",
          "url": "https://static.crates.io/crates/once_cell/1.21.4/download"
        }
      },
      "targets": [
        {
          "Library": {
            "crate_name": "once_cell",
            "crate_root": "src/lib.rs"
          }
        }
      ],
      "version": "1.21.4"
    },
    "pin-project-lite 0.2.17": {
      "common_attrs": {
        "edition": "2018"
      },
      "library_target_name": "pin_project_lite",
      "license": "Apache-2.0 OR MIT",
      "license_file": "LICENSE-APACHE",
      "license_ids": [
        "Apache-2.0",
        "MIT"
      ],
      "name": "pin-project-lite",
      "package_url": "https://github.com/taiki-e/pin-project-lite",
      "repository": {
        "Http": {
          "sha256": "a89322df9ebe1c1578d689c92318e070967d1042b512afbe49518723f4e6d5cd",
          "url": "https://static.crates.io/crates/pin-project-lite/0.2.17/download"
        }
      },
      "targets": [
        {
          "Library": {
            "crate_name": "pin_project_lite",
            "crate_root": "src/lib.rs"
          }
        }
      ],
      "version": "0.2.17"
    },
    "proc-macro2 1.0.107": {
      "build_script_attrs": {},
      "common_attrs": {
        "crate_features": [
          "default",
          "proc-macro"
        ],
        "deps": [
          {
            "id": "unicode-ident 1.0.26",
            "target": "unicode_ident"
          }
        ],
        "edition": "2021",
        "extra_deps": [
          ":build_script_build"
        ]
      },
      "library_target_name": "proc_macro2",
      "license": "MIT OR Apache-2.0",
      "license_file": "LICENSE-APACHE",
      "license_ids": [
        "Apache-2.0",
        "MIT"
      ],
      "name": "proc-macro2",
      "package_url": "https://github.com/dtolnay/proc-macro2",
      "repository": {
        "Http": {
          "sha256": "985e7ec9bb745e6ce6535b544d84d6cd6f7ad8bd711c398938ae983b91a766d9",
          "url": "https://static.crates.io/crates/proc-macro2/1.0.107/download"
        }
      },
      "targets": [
        {
          "Library": {
            "crate_name": "proc_macro2",
            "crate_root": "src/lib.rs"
          }
        },
        {
          "BuildScript": {
            "crate_name": "build_script_build",
            "crate_root": "build.rs"
          }
        }
      ],
      "version": "1.0.107"
    },
    "quote 1.0.47": {
      "build_script_attrs": {},
      "common_attrs": {
        "crate_features": [
          "default",
          "proc-macro"
        ],
        "deps": [
          {
            "id": "proc-macro2 1.0.107",
            "target": "proc_macro2"
          }
        ],
        "edition": "2021",
        "extra_deps": [
          ":build_script_build"
        ]
      },
      "library_target_name": "quote",
      "license": "MIT OR Apache-2.0",
      "license_file": "LICENSE-APACHE",
      "license_ids": [
        "Apache-2.0",
        "MIT"
      ],
      "name": "quote",
      "package_url": "https://github.com/dtolnay/quote",
      "repository": {
        "Http": {
          "sha256": "1fbf4db142a473a8d80c26bbf18454ed458bf8d26c8219c331daecfdbd079001",
          "url": "https://static.crates.io/crates/quote/1.0.47/download"
        }
      },
      "targets": [
        {
          "Library": {
            "crate_name": "quote",
            "crate_root": "src/lib.rs"
          }
        },
        {
          "BuildScript": {
            "crate_name": "build_script_build",
            "crate_root": "build.rs"
          }
        }
      ],
      "version": "1.0.47"
    },
    "r-efi 6.0.0": {
      "common_attrs": {
        "edition": "2018"
      },
      "library_target_name": "r_efi",
      "license": "MIT OR Apache-2.0 OR LGPL-2.1-or-later",
      "license_ids": [
        "Apache-2.0",
        "LGPL-2.1",
        "MIT"
      ],
      "name": "r-efi",
      "package_url": "https://github.com/r-efi/r-efi",
      "repository": {
        "Http": {
          "sha256": "f8dcc9c7d52a811697d2151c701e0d08956f92b0e24136cf4cf27b57a6a0d9bf",
          "url": "https://static.crates.io/crates/r-efi/6.0.0/download"
        }
      },
      "targets": [
        {
          "Library": {
            "crate_name": "r_efi",
            "crate_root": "src/lib.rs"
          }
        }
      ],
      "version": "6.0.0"
    },
    "rustversion 1.0.23": {
      "build_script_attrs": {},
      "common_attrs": {
        "edition": "2018",
        "extra_deps": [
          ":build_script_build"
        ]
      },
      "library_target_name": "rustversion",
      "license": "MIT OR Apache-2.0",
      "license_file": "LICENSE-APACHE",
      "license_ids": [
        "Apache-2.0",
        "MIT"
      ],
      "name": "rustversion",
      "package_url": "https://github.com/dtolnay/rustversion",
      "repository": {
        "Http": {
          "sha256": "cf54715a573b99ac80df0bc206da022bcd442c974952c7b9720069370852e21f",
          "url": "https://static.crates.io/crates/rustversion/1.0.23/download"
        }
      },
      "targets": [
        {
          "ProcMacro": {
            "crate_name": "rustversion",
            "crate_root": "src/lib.rs"
          }
        },
        {
          "BuildScript": {
            "crate_name": "build_script_build",
            "crate_root": "build/build.rs"
          }
        }
      ],
      "version": "1.0.23"
    },
    "slab 0.4.12": {
      "common_attrs": {
        "edition": "2018"
      },
      "library_target_name": "slab",
      "license": "MIT",
      "license_file": "LICENSE",
      "license_ids": [
        "MIT"
      ],
      "name": "slab",
      "package_url": "https://github.com/tokio-rs/slab",
      "repository": {
        "Http": {
          "sha256": "0c790de23124f9ab44544d7ac05d60440adc586479ce501c1d6d7da3cd8c9cf5",
          "url": "https://static.crates.io/crates/slab/0.4.12/download"
        }
      },
      "targets": [
        {
          "Library": {
            "crate_name": "slab",
            "crate_root": "src/lib.rs"
          }
        }
      ],
      "version": "0.4.12"
    },
    "syn 3.0.6": {
      "common_attrs": {
        "crate_features": [
          "clone-impls",
          "default",
          "derive",
          "extra-traits",
          "full",
          "parsing",
          "printing",
          "proc-macro",
          "visit",
          "visit-mut"
        ],
        "deps": [
          {
            "id": "proc-macro2 1.0.107",
            "target": "proc_macro2"
          },
          {
            "id": "quote 1.0.47",
            "target": "quote"
          },
          {
            "id": "unicode-ident 1.0.26",
            "target": "unicode_ident"
          }
        ],
        "edition": "2021"
      },
      "library_target_name": "syn",
      "license": "MIT OR Apache-2.0",
      "license_file": "LICENSE-APACHE",
      "license_ids": [
        "Apache-2.0",
        "MIT"
      ],
      "name": "syn",
      "package_url": "https://github.com/dtolnay/syn",
      "repository": {
        "Http": {
          "sha256": "8593e8e72159ed2257d083c7a454a85cbf854f37a0966d8d483aff8c8a3ebcee",
          "url": "https://static.crates.io/crates/syn/3.0.6/download"
        }
      },
      "targets": [
        {
          "Library": {
            "crate_name": "syn",
            "crate_root": "src/lib.rs"
          }
        }
      ],
      "version": "3.0.6"
    },
    "unicode-ident 1.0.26": {
      "common_attrs": {
        "edition": "2021"
      },
      "library_target_name": "unicode_ident",
      "license": "(MIT OR Apache-2.0) AND Unicode-3.0",
      "license_file": "LICENSE-APACHE",
      "license_ids": [
        "Apache-2.0",
        "MIT",
        "Unicode-3.0"
      ],
      "name": "unicode-ident",
      "package_url": "https://github.com/dtolnay/unicode-ident",
      "repository": {
        "Http": {
          "sha256": "d245f478577f809a851594d02313b640fb437e0bb33866753cff937863096954",
          "url": "https://static.crates.io/crates/unicode-ident/1.0.26/download"
        }
      },
      "targets": [
        {
          "Library": {
            "crate_name": "unicode_ident",
            "crate_root": "src/lib.rs"
          }
        }
      ],
      "version": "1.0.26"
    },
    "uuid 1.26.1": {
      "common_attrs": {
        "crate_features": [
          "rng",
          "std",
          "v4"
        ],
        "deps": {
          "common": [],
          "selects": {
            "aarch64-apple-darwin": [
              {
                "id": "getrandom 0.4.3",
                "target": "getrandom"
              }
            ],
            "aarch64-unknown-linux-gnu": [
              {
                "id": "getrandom 0.4.3",
                "target": "getrandom"
              }
            ],
            "wasm32-wasip1": [
              {
                "id": "getrandom 0.4.3",
                "target": "getrandom"
              }
            ],
            "x86_64-pc-windows-msvc": [
              {
                "id": "getrandom 0.4.3",
                "target": "getrandom"
              }
            ],
            "x86_64-unknown-linux-gnu": [
              {
                "id": "getrandom 0.4.3",
                "target": "getrandom"
              }
            ],
            "x86_64-unknown-nixos-gnu": [
              {
                "id": "getrandom 0.4.3",
                "target": "getrandom"
              }
            ]
          }
        },
        "edition": "2021"
      },
      "library_target_name": "uuid",
      "license": "Apache-2.0 OR MIT",
      "license_file": "LICENSE-APACHE",
      "license_ids": [
        "Apache-2.0",
        "MIT"
      ],
      "name": "uuid",
      "package_url": "https://github.com/uuid-rs/uuid",
      "repository": {
        "Http": {
          "sha256": "2ef6dac1e96601b4fb3acccccff2139741fcb757cb9a36089bf5be91cfb285ce",
          "url": "https://static.crates.io/crates/uuid/1.26.1/download"
        }
      },
      "targets": [
        {
          "Library": {
            "crate_name": "uuid",
            "crate_root": "src/lib.rs"
          }
        }
      ],
      "version": "1.26.1"
    },
    "wasm-bindgen 0.2.128": {
      "build_script_attrs": {
        "link_deps": [
          {
            "id": "wasm-bindgen-shared 0.2.128",
            "target": "wasm_bindgen_shared"
          }
        ],
        "proc_macro_deps": [
          {
            "alias": "rustversion_compat",
            "id": "rustversion 1.0.23",
            "target": "rustversion"
          }
        ]
      },
      "common_attrs": {
        "deps": [
          {
            "id": "cfg-if 1.0.5",
            "target": "cfg_if"
          },
          {
            "id": "once_cell 1.21.4",
            "target": "once_cell"
          },
          {
            "id": "wasm-bindgen-shared 0.2.128",
            "target": "wasm_bindgen_shared"
          }
        ],
        "edition": "2021",
        "extra_deps": [
          ":build_script_build"
        ],
        "proc_macro_deps": [
          {
            "id": "wasm-bindgen-macro 0.2.128",
            "target": "wasm_bindgen_macro"
          }
        ]
      },
      "library_target_name": "wasm_bindgen",
      "license": "MIT OR Apache-2.0",
      "license_file": "LICENSE-APACHE",
      "license_ids": [
        "Apache-2.0",
        "MIT"
      ],
      "name": "wasm-bindgen",
      "package_url": "https://github.com/wasm-bindgen/wasm-bindgen",
      "repository": {
        "Http": {
          "sha256": "aecb87a33d3b0c5e3b7aa46336eaf486cffafbd281b195e4c8b80d50df2351bf",
          "url": "https://static.crates.io/crates/wasm-bindgen/0.2.128/download"
        }
      },
      "targets": [
        {
          "Library": {
            "crate_name": "wasm_bindgen",
            "crate_root": "src/lib.rs"
          }
        },
        {
          "BuildScript": {
            "crate_name": "build_script_build",
            "crate_root": "build.rs"
          }
        }
      ],
      "version": "0.2.128"
    },
    "wasm-bindgen-macro 0.2.128": {
      "common_attrs": {
        "deps": [
          {
            "id": "quote 1.0.47",
            "target": "quote"
          },
          {
            "id": "wasm-bindgen-macro-support 0.2.128",
            "target": "wasm_bindgen_macro_support"
          }
        ],
        "edition": "2021"
      },
      "library_target_name": "wasm_bindgen_macro",
      "license": "MIT OR Apache-2.0",
      "license_file": "LICENSE-APACHE",
      "license_ids": [
        "Apache-2.0",
        "MIT"
      ],
      "name": "wasm-bindgen-macro",
      "package_url": "https://github.com/wasm-bindgen/wasm-bindgen/tree/master/crates/macro",
      "repository": {
        "Http": {
          "sha256": "a690d511e3c1a8b3a55e33511e3c2c00c78415cd23650f32b808627f5696b9ed",
          "url": "https://static.crates.io/crates/wasm-bindgen-macro/0.2.128/download"
        }
      },
      "targets": [
        {
          "ProcMacro": {
            "crate_name": "wasm_bindgen_macro",
            "crate_root": "src/lib.rs"
          }
        }
      ],
      "version": "0.2.128"
    },
    "wasm-bindgen-macro-support 0.2.128": {
      "common_attrs": {
        "deps": [
          {
            "id": "bumpalo 3.20.3",
            "target": "bumpalo"
          },
          {
            "id": "proc-macro2 1.0.107",
            "target": "proc_macro2"
          },
          {
            "id": "quote 1.0.47",
            "target": "quote"
          },
          {
            "id": "syn 3.0.6",
            "target": "syn"
          },
          {
            "id": "wasm-bindgen-shared 0.2.128",
            "target": "wasm_bindgen_shared"
          }
        ],
        "edition": "2021"
      },
      "library_target_name": "wasm_bindgen_macro_support",
      "license": "MIT OR Apache-2.0",
      "license_file": "LICENSE-APACHE",
      "license_ids": [
        "Apache-2.0",
        "MIT"
      ],
      "name": "wasm-bindgen-macro-support",
      "package_url": "https://github.com/wasm-bindgen/wasm-bindgen/tree/main/crates/macro-support",
      "repository": {
        "Http": {
          "sha256": "411e4887f0071ef2d2164a9d5fdf2d20efbef78fccd3a78b0c10a1dc5295e48a",
          "url": "https://static.crates.io/crates/wasm-bindgen-macro-support/0.2.128/download"
        }
      },
      "targets": [
        {
          "Library": {
            "crate_name": "wasm_bindgen_macro_support",
            "crate_root": "src/lib.rs"
          }
        }
      ],
      "version": "0.2.128"
    },
    "wasm-bindgen-shared 0.2.128": {
      "build_script_attrs": {
        "links": "wasm_bindgen"
      },
      "common_attrs": {
        "deps": [
          {
            "id": "unicode-ident 1.0.26",
            "target": "unicode_ident"
          }
        ],
        "edition": "2021",
        "extra_deps": [
          ":build_script_build"
        ]
      },
      "library_target_name": "wasm_bindgen_shared",
      "license": "MIT OR Apache-2.0",
      "license_file": "LICENSE-APACHE",
      "license_ids": [
        "Apache-2.0",
        "MIT"
      ],
      "name": "wasm-bindgen-shared",
      "package_url": "https://github.com/wasm-bindgen/wasm-bindgen/tree/master/crates/shared",
      "repository": {
        "Http": {
          "sha256": "81941cd78d0c92026c33e5e01312845a4cb1e9af3407f9134b100dd03144103e",
          "url": "https://static.crates.io/crates/wasm-bindgen-shared/0.2.128/download"
        }
      },
      "targets": [
        {
          "Library": {
            "crate_name": "wasm_bindgen_shared",
            "crate_root": "src/lib.rs"
          }
        },
        {
          "BuildScript": {
            "crate_name": "build_script_build",
            "crate_root": "build.rs"
          }
        }
      ],
      "version": "0.2.128"
    }
  },
  "direct_deps": [
    "uuid 1.26.1"
  ],
  "direct_dev_deps": [],
  "workspace_members": {
    "basable-core 0.1.0": "crates/basable-core",
    "basable-publicid 0.1.0": "crates/basable-publicid"
  }
}
